{
  "name": "TorFetch",
  "lockfileVersion": 2,
  "requires": true,
  "packages": {
    "": {
      "dependencies": {
        "axios": "^0.24.0",
        "axios-socks5-agent": "^1.0.3",
        "http-proxy-agent": "^5.0.0",
        "node-fetch": "^2.6.6",
        "socks-proxy-agent": "^6.1.1",
        "socks5-client": "^1.2.8"
      },
      "devDependencies": {
        "@types/node": "^16.11.10"
      }
    },
    "node_modules/@tootallnate/once": {
      "version": "2.0.0",
      "resolved": "https://registry.npmjs.org/@tootallnate/once/-/once-2.0.0.tgz",
      "integrity": "sha512-XCuKFP5PS55gnMVu3dty8KPatLqUoy/ZYzDzAGCQ8JNFCkLXzmI7vNHCR+XpbZaMWQK/vQubr7PkYq8g470J/A==",
      "engines": {
        "node": ">= 10"
      }
    },
    "node_modules/@types/node": {
      "version": "16.11.10",
      "resolved": "https://registry.npmjs.org/@types/node/-/node-16.11.10.tgz",
      "integrity": "sha512-3aRnHa1KlOEEhJ6+CvyHKK5vE9BcLGjtUpwvqYLRvYNQKMfabu3BwfJaA/SLW8dxe28LsNDjtHwePTuzn3gmOA==",
      "dev": true
    },
    "node_modules/agent-base": {
      "version": "6.0.2",
      "resolved": "https://registry.npmjs.org/agent-base/-/agent-base-6.0.2.tgz",
      "integrity": "sha512-RZNwNclF7+MS/8bDg70amg32dyeZGZxiDuQmZxKLAlQjr3jGyLx+4Kkk58UO7D2QdgFIQCovuSuZESne6RG6XQ==",
      "dependencies": {
        "debug": "4"
      },
      "engines": {
        "node": ">= 6.0.0"
      }
    },
    "node_modules/axios": {
      "version": "0.24.0",
      "resolved": "https://registry.npmjs.org/axios/-/axios-0.24.0.tgz",
      "integrity": "sha512-Q6cWsys88HoPgAaFAVUb0WpPk0O8iTeisR9IMqy9G8AbO4NlpVknrnQS03zzF9PGAWgO3cgletO3VjV/P7VztA==",
      "dependencies": {
        "follow-redirects": "^1.14.4"
      }
    },
    "node_modules/axios-socks5-agent": {
      "version": "1.0.3",
      "resolved": "https://registry.npmjs.org/axios-socks5-agent/-/axios-socks5-agent-1.0.3.tgz",
      "integrity": "sha512-9hBKZPlYAgBjaJYuwaaP84ha/CTboMk8EM+Ipky2JZCFiJLJBXnXZayiBI/n37qyL1ZFOW7dPUvK2oH+pi4mSA==",
      "dependencies": {
        "socks5-http-client": "^1.0.4",
        "socks5-https-client": "^1.2.1"
      }
    },
    "node_modules/debug": {
      "version": "4.3.2",
      "resolved": "https://registry.npmjs.org/debug/-/debug-4.3.2.tgz",
      "integrity": "sha512-mOp8wKcvj7XxC78zLgw/ZA+6TSgkoE2C/ienthhRD298T7UNwAg9diBpLRxC0mOezLl4B0xV7M0cCO6P/O0Xhw==",
      "dependencies": {
        "ms": "2.1.2"
      },
      "engines": {
        "node": ">=6.0"
      },
      "peerDependenciesMeta": {
        "supports-color": {
          "optional": true
        }
      }
    },
    "node_modules/follow-redirects": {
      "version": "1.14.5",
      "resolved": "https://registry.npmjs.org/follow-redirects/-/follow-redirects-1.14.5.tgz",
      "integrity": "sha512-wtphSXy7d4/OR+MvIFbCVBDzZ5520qV8XfPklSN5QtxuMUJZ+b0Wnst1e1lCDocfzuCkHqj8k0FpZqO+UIaKNA==",
      "funding": [
        {
          "type": "individual",
          "url": "https://github.com/sponsors/RubenVerborgh"
        }
      ],
      "engines": {
        "node": ">=4.0"
      },
      "peerDependenciesMeta": {
        "debug": {
          "optional": true
        }
      }
    },
    "node_modules/http-proxy-agent": {
      "version": "5.0.0",
      "resolved": "https://registry.npmjs.org/http-proxy-agent/-/http-proxy-agent-5.0.0.tgz",
      "integrity": "sha512-n2hY8YdoRE1i7r6M0w9DIw5GgZN0G25P8zLCRQ8rjXtTU3vsNFBI/vWK/UIeE6g5MUUz6avwAPXmL6Fy9D/90w==",
      "dependencies": {
        "@tootallnate/once": "2",
        "agent-base": "6",
        "debug": "4"
      },
      "engines": {
        "node": ">= 6"
      }
    },
    "node_modules/ip": {
      "version": "1.1.5",
      "resolved": "https://registry.npmjs.org/ip/-/ip-1.1.5.tgz",
      "integrity": "sha1-vd7XARQpCCjAoDnnLvJfWq7ENUo="
    },
    "node_modules/ip-address": {
      "version": "6.1.0",
      "resolved": "https://registry.npmjs.org/ip-address/-/ip-address-6.1.0.tgz",
      "integrity": "sha512-u9YYtb1p2fWSbzpKmZ/b3QXWA+diRYPxc2c4y5lFB/MMk5WZ7wNZv8S3CFcIGVJ5XtlaCAl/FQy/D3eQ2XtdOA==",
      "dependencies": {
        "jsbn": "1.1.0",
        "lodash": "^4.17.15",
        "sprintf-js": "1.1.2"
      },
      "engines": {
        "node": ">= 0.10"
      }
    },
    "node_modules/jsbn": {
      "version": "1.1.0",
      "resolved": "https://registry.npmjs.org/jsbn/-/jsbn-1.1.0.tgz",
      "integrity": "sha1-sBMHyym2GKHtJux56RH4A8TaAEA="
    },
    "node_modules/lodash": {
      "version": "4.17.21",
      "resolved": "https://registry.npmjs.org/lodash/-/lodash-4.17.21.tgz",
      "integrity": "sha512-v2kDEe57lecTulaDIuNTPy3Ry4gLGJ6Z1O3vE1krgXZNrsQ+LFTGHVxVjcXPs17LhbZVGedAJv8XZ1tvj5FvSg=="
    },
    "node_modules/ms": {
      "version": "2.1.2",
      "resolved": "https://registry.npmjs.org/ms/-/ms-2.1.2.tgz",
      "integrity": "sha512-sGkPx+VjMtmA6MX27oA4FBFELFCZZ4S4XqeGOXCv68tT+jb3vk/RyaKWP0PTKyWtmLSM0b+adUTEvbs1PEaH2w=="
    },
    "node_modules/node-fetch": {
      "version": "2.6.6",
      "resolved": "https://registry.npmjs.org/node-fetch/-/node-fetch-2.6.6.tgz",
      "integrity": "sha512-Z8/6vRlTUChSdIgMa51jxQ4lrw/Jy5SOW10ObaA47/RElsAN2c5Pn8bTgFGWn/ibwzXTE8qwr1Yzx28vsecXEA==",
      "dependencies": {
        "whatwg-url": "^5.0.0"
      },
      "engines": {
        "node": "4.x || >=6.0.0"
      }
    },
    "node_modules/smart-buffer": {
      "version": "4.2.0",
      "resolved": "https://registry.npmjs.org/smart-buffer/-/smart-buffer-4.2.0.tgz",
      "integrity": "sha512-94hK0Hh8rPqQl2xXc3HsaBoOXKV20MToPkcXvwbISWLEs+64sBq5kFgn2kJDHb1Pry9yrP0dxrCI9RRci7RXKg==",
      "engines": {
        "node": ">= 6.0.0",
        "npm": ">= 3.0.0"
      }
    },
    "node_modules/socks": {
      "version": "2.6.1",
      "resolved": "https://registry.npmjs.org/socks/-/socks-2.6.1.tgz",
      "integrity": "sha512-kLQ9N5ucj8uIcxrDwjm0Jsqk06xdpBjGNQtpXy4Q8/QY2k+fY7nZH8CARy+hkbG+SGAovmzzuauCpBlb8FrnBA==",
      "dependencies": {
        "ip": "^1.1.5",
        "smart-buffer": "^4.1.0"
      },
      "engines": {
        "node": ">= 10.13.0",
        "npm": ">= 3.0.0"
      }
    },
    "node_modules/socks-proxy-agent": {
      "version": "6.1.1",
      "resolved": "https://registry.npmjs.org/socks-proxy-agent/-/socks-proxy-agent-6.1.1.tgz",
      "integrity": "sha512-t8J0kG3csjA4g6FTbsMOWws+7R7vuRC8aQ/wy3/1OWmsgwA68zs/+cExQ0koSitUDXqhufF/YJr9wtNMZHw5Ew==",
      "dependencies": {
        "agent-base": "^6.0.2",
        "debug": "^4.3.1",
        "socks": "^2.6.1"
      },
      "engines": {
        "node": ">= 10"
      }
    },
    "node_modules/socks5-client": {
      "version": "1.2.8",
      "resolved": "https://registry.npmjs.org/socks5-client/-/socks5-client-1.2.8.tgz",
      "integrity": "sha512-js8WqQ/JjZS3IQwUxRwSThvXzcRIHE8sde8nE5q7nqxiFGb8EoHmNJ9SF2lXqn3ux6pUV3+InH7ng7mANK6XfA==",
      "dependencies": {
        "ip-address": "~6.1.0"
      },
      "engines": {
        "node": ">= 6.4.0"
      }
    },
    "node_modules/socks5-http-client": {
      "version": "1.0.4",
      "resolved": "https://registry.npmjs.org/socks5-http-client/-/socks5-http-client-1.0.4.tgz",
      "integrity": "sha512-K16meYkltPtps6yDOqK9Mwlfz+pdD2kQQQ/TCO/gu2AImUmfO6nF2uXX1YWrPs4NCfClQNih19wqLXmuUcZCrA==",
      "dependencies": {
        "socks5-client": "~1.2.6"
      },
      "engines": {
        "node": ">= 6.4.0"
      }
    },
    "node_modules/socks5-https-client": {
      "version": "1.2.1",
      "resolved": "https://registry.npmjs.org/socks5-https-client/-/socks5-https-client-1.2.1.tgz",
      "integrity": "sha512-FbZ/X/2Xq3DAMhuRA4bnN0jy1QxaPTVPLFvyv6CEj0QDKSTdWp9yRxo1JhqXmWKhPQeJyUMajHJB2UjT43pFcw==",
      "dependencies": {
        "socks5-client": "~1.2.3"
      },
      "engines": {
        "node": ">= 6.4.0"
      }
    },
    "node_modules/sprintf-js": {
      "version": "1.1.2",
      "resolved": "https://registry.npmjs.org/sprintf-js/-/sprintf-js-1.1.2.tgz",
      "integrity": "sha512-VE0SOVEHCk7Qc8ulkWw3ntAzXuqf7S2lvwQaDLRnUeIEaKNQJzV6BwmLKhOqT61aGhfUMrXeaBk+oDGCzvhcug=="
    },
    "node_modules/tr46": {
      "version": "0.0.3",
      "resolved": "https://registry.npmjs.org/tr46/-/tr46-0.0.3.tgz",
      "integrity": "sha1-gYT9NH2snNwYWZLzpmIuFLnZq2o="
    },
    "node_modules/webidl-conversions": {
      "version": "3.0.1",
      "resolved": "https://registry.npmjs.org/webidl-conversions/-/webidl-conversions-3.0.1.tgz",
      "integrity": "sha1-JFNCdeKnvGvnvIZhHMFq4KVlSHE="
    },
    "node_modules/whatwg-url": {
      "version": "5.0.0",
      "resolved": "https://registry.npmjs.org/whatwg-url/-/whatwg-url-5.0.0.tgz",
      "integrity": "sha1-lmRU6HZUYuN2RNNib2dCzotwll0=",
      "dependencies": {
        "tr46": "~0.0.3",
        "webidl-conversions": "^3.0.0"
      }
    }
  },
  "dependencies": {
    "@tootallnate/once": {
      "version": "2.0.0",
      "resolved": "https://registry.npmjs.org/@tootallnate/once/-/once-2.0.0.tgz",
      "integrity": "sha512-XCuKFP5PS55gnMVu3dty8KPatLqUoy/ZYzDzAGCQ8JNFCkLXzmI7vNHCR+XpbZaMWQK/vQubr7PkYq8g470J/A=="
    },
    "@types/node": {
      "version": "16.11.10",
      "resolved": "https://registry.npmjs.org/@types/node/-/node-16.11.10.tgz",
      "integrity": "sha512-3aRnHa1KlOEEhJ6+CvyHKK5vE9BcLGjtUpwvqYLRvYNQKMfabu3BwfJaA/SLW8dxe28LsNDjtHwePTuzn3gmOA==",
      "dev": true
    },
    "agent-base": {
      "version": "6.0.2",
      "resolved": "https://registry.npmjs.org/agent-base/-/agent-base-6.0.2.tgz",
      "integrity": "sha512-RZNwNclF7+MS/8bDg70amg32dyeZGZxiDuQmZxKLAlQjr3jGyLx+4Kkk58UO7D2QdgFIQCovuSuZESne6RG6XQ==",
      "requires": {
        "debug": "4"
      }
    },
    "axios": {
      "version": "0.24.0",
      "resolved": "https://registry.npmjs.org/axios/-/axios-0.24.0.tgz",
      "integrity": "sha512-Q6cWsys88HoPgAaFAVUb0WpPk0O8iTeisR9IMqy9G8AbO4NlpVknrnQS03zzF9PGAWgO3cgletO3VjV/P7VztA==",
      "requires": {
        "follow-redirects": "^1.14.4"
      }
    },
    "axios-socks5-agent": {
      "version": "1.0.3",
      "resolved": "https://registry.npmjs.org/axios-socks5-agent/-/axios-socks5-agent-1.0.3.tgz",
      "integrity": "sha512-9hBKZPlYAgBjaJYuwaaP84ha/CTboMk8EM+Ipky2JZCFiJLJBXnXZayiBI/n37qyL1ZFOW7dPUvK2oH+pi4mSA==",
      "requires": {
        "socks5-http-client": "^1.0.4",
        "socks5-https-client": "^1.2.1"
      }
    },
    "debug": {
      "version": "4.3.2",
      "resolved": "https://registry.npmjs.org/debug/-/debug-4.3.2.tgz",
      "integrity": "sha512-mOp8wKcvj7XxC78zLgw/ZA+6TSgkoE2C/ienthhRD298T7UNwAg9diBpLRxC0mOezLl4B0xV7M0cCO6P/O0Xhw==",
      "requires": {
        "ms": "2.1.2"
      }
    },
    "follow-redirects": {
      "version": "1.14.5",
      "resolved": "https://registry.npmjs.org/follow-redirects/-/follow-redirects-1.14.5.tgz",
      "integrity": "sha512-wtphSXy7d4/OR+MvIFbCVBDzZ5520qV8XfPklSN5QtxuMUJZ+b0Wnst1e1lCDocfzuCkHqj8k0FpZqO+UIaKNA=="
    },
    "http-proxy-agent": {
      "version": "5.0.0",
      "resolved": "https://registry.npmjs.org/http-proxy-agent/-/http-proxy-agent-5.0.0.tgz",
      "integrity": "sha512-n2hY8YdoRE1i7r6M0w9DIw5GgZN0G25P8zLCRQ8rjXtTU3vsNFBI/vWK/UIeE6g5MUUz6avwAPXmL6Fy9D/90w==",
      "requires": {
        "@tootallnate/once": "2",
        "agent-base": "6",
        "debug": "4"
      }
    },
    "ip": {
      "version": "1.1.5",
      "resolved": "https://registry.npmjs.org/ip/-/ip-1.1.5.tgz",
      "integrity": "sha1-vd7XARQpCCjAoDnnLvJfWq7ENUo="
    },
    "ip-address": {
      "version": "6.1.0",
      "resolved": "https://registry.npmjs.org/ip-address/-/ip-address-6.1.0.tgz",
      "integrity": "sha512-u9YYtb1p2fWSbzpKmZ/b3QXWA+diRYPxc2c4y5lFB/MMk5WZ7wNZv8S3CFcIGVJ5XtlaCAl/FQy/D3eQ2XtdOA==",
      "requires": {
        "jsbn": "1.1.0",
        "lodash": "^4.17.15",
        "sprintf-js": "1.1.2"
      }
    },
    "jsbn": {
      "version": "1.1.0",
      "resolved": "https://registry.npmjs.org/jsbn/-/jsbn-1.1.0.tgz",
      "integrity": "sha1-sBMHyym2GKHtJux56RH4A8TaAEA="
    },
    "lodash": {
      "version": "4.17.21",
      "resolved": "https://registry.npmjs.org/lodash/-/lodash-4.17.21.tgz",
      "integrity": "sha512-v2kDEe57lecTulaDIuNTPy3Ry4gLGJ6Z1O3vE1krgXZNrsQ+LFTGHVxVjcXPs17LhbZVGedAJv8XZ1tvj5FvSg=="
    },
    "ms": {
      "version": "2.1.2",
      "resolved": "https://registry.npmjs.org/ms/-/ms-2.1.2.tgz",
      "integrity": "sha512-sGkPx+VjMtmA6MX27oA4FBFELFCZZ4S4XqeGOXCv68tT+jb3vk/RyaKWP0PTKyWtmLSM0b+adUTEvbs1PEaH2w=="
    },
    "node-fetch": {
      "version": "2.6.6",
      "resolved": "https://registry.npmjs.org/node-fetch/-/node-fetch-2.6.6.tgz",
      "integrity": "sha512-Z8/6vRlTUChSdIgMa51jxQ4lrw/Jy5SOW10ObaA47/RElsAN2c5Pn8bTgFGWn/ibwzXTE8qwr1Yzx28vsecXEA==",
      "requires": {
        "whatwg-url": "^5.0.0"
      }
    },
    "smart-buffer": {
      "version": "4.2.0",
      "resolved": "https://registry.npmjs.org/smart-buffer/-/smart-buffer-4.2.0.tgz",
      "integrity": "sha512-94hK0Hh8rPqQl2xXc3HsaBoOXKV20MToPkcXvwbISWLEs+64sBq5kFgn2kJDHb1Pry9yrP0dxrCI9RRci7RXKg=="
    },
    "socks": {
      "version": "2.6.1",
      "resolved": "https://registry.npmjs.org/socks/-/socks-2.6.1.tgz",
      "integrity": "sha512-kLQ9N5ucj8uIcxrDwjm0Jsqk06xdpBjGNQtpXy4Q8/QY2k+fY7nZH8CARy+hkbG+SGAovmzzuauCpBlb8FrnBA==",
      "requires": {
        "ip": "^1.1.5",
        "smart-buffer": "^4.1.0"
      }
    },
    "socks-proxy-agent": {
      "version": "6.1.1",
      "resolved": "https://registry.npmjs.org/socks-proxy-agent/-/socks-proxy-agent-6.1.1.tgz",
      "integrity": "sha512-t8J0kG3csjA4g6FTbsMOWws+7R7vuRC8aQ/wy3/1OWmsgwA68zs/+cExQ0koSitUDXqhufF/YJr9wtNMZHw5Ew==",
      "requires": {
        "agent-base": "^6.0.2",
        "debug": "^4.3.1",
        "socks": "^2.6.1"
      }
    },
    "socks5-client": {
      "version": "1.2.8",
      "resolved": "https://registry.npmjs.org/socks5-client/-/socks5-client-1.2.8.tgz",
      "integrity": "sha512-js8WqQ/JjZS3IQwUxRwSThvXzcRIHE8sde8nE5q7nqxiFGb8EoHmNJ9SF2lXqn3ux6pUV3+InH7ng7mANK6XfA==",
      "requires": {
        "ip-address": "~6.1.0"
      }
    },
    "socks5-http-client": {
      "version": "1.0.4",
      "resolved": "https://registry.npmjs.org/socks5-http-client/-/socks5-http-client-1.0.4.tgz",
      "integrity": "sha512-K16meYkltPtps6yDOqK9Mwlfz+pdD2kQQQ/TCO/gu2AImUmfO6nF2uXX1YWrPs4NCfClQNih19wqLXmuUcZCrA==",
      "requires": {
        "socks5-client": "~1.2.6"
      }
    },
    "socks5-https-client": {
      "version": "1.2.1",
      "resolved": "https://registry.npmjs.org/socks5-https-client/-/socks5-https-client-1.2.1.tgz",
      "integrity": "sha512-FbZ/X/2Xq3DAMhuRA4bnN0jy1QxaPTVPLFvyv6CEj0QDKSTdWp9yRxo1JhqXmWKhPQeJyUMajHJB2UjT43pFcw==",
      "requires": {
        "socks5-client": "~1.2.3"
      }
    },
    "sprintf-js": {
      "version": "1.1.2",
      "resolved": "https://registry.npmjs.org/sprintf-js/-/sprintf-js-1.1.2.tgz",
      "integrity": "sha512-VE0SOVEHCk7Qc8ulkWw3ntAzXuqf7S2lvwQaDLRnUeIEaKNQJzV6BwmLKhOqT61aGhfUMrXeaBk+oDGCzvhcug=="
    },
    "tr46": {
      "version": "0.0.3",
      "resolved": "https://registry.npmjs.org/tr46/-/tr46-0.0.3.tgz",
      "integrity": "sha1-gYT9NH2snNwYWZLzpmIuFLnZq2o="
    },
    "webidl-conversions": {
      "version": "3.0.1",
      "resolved": "https://registry.npmjs.org/webidl-conversions/-/webidl-conversions-3.0.1.tgz",
      "integrity": "sha1-JFNCdeKnvGvnvIZhHMFq4KVlSHE="
    },
    "whatwg-url": {
      "version": "5.0.0",
      "resolved": "https://registry.npmjs.org/whatwg-url/-/whatwg-url-5.0.0.tgz",
      "integrity": "sha1-lmRU6HZUYuN2RNNib2dCzotwll0=",
      "requires": {
        "tr46": "~0.0.3",
        "webidl-conversions": "^3.0.0"
      }
    }
  }
}
